{
  "name": "tests",
  "version": "1.0.0",
  "lockfileVersion": 2,
  "requires": true,
  "packages": {
    "": {
      "name": "tests",
      "version": "1.0.0",
      "license": "ISC",
      "dependencies": {
        "@rbxts/gamejoy": "^1.0.0-alpha.5",
        "@rbxts/services": "^1.2.0",
        "@rbxts/testez": "^0.3.1-ts.7"
      },
      "devDependencies": {
        "@rbxts/compiler-types": "^1.2.7-types.0",
        "@rbxts/types": "^1.0.550"
      }
    },
    "node_modules/@rbxts/bin": {
      "version": "1.2.1",
      "resolved": "https://registry.npmjs.org/@rbxts/bin/-/bin-1.2.1.tgz",
      "integrity": "sha512-XEMaQy/JbSmquqtKhd0qiEA0ysMg7DuWc4CzlPofgj7APaqJ6DZ9eVoEIrYMFQc9SRQciSH/2UY71DF0yVh8xQ=="
    },
    "node_modules/@rbxts/compiler-types": {
      "version": "1.2.7-types.0",
      "resolved": "https://registry.npmjs.org/@rbxts/compiler-types/-/compiler-types-1.2.7-types.0.tgz",
      "integrity": "sha512-YBOO79OuCEMr7DmTJxWywhIAS//wgzUx0DM9WVR9iJGxNyM0s5QZCqoERRS2bggW1V34R5BeYdfFVLDkldk81g==",
      "dev": true
    },
    "node_modules/@rbxts/gamejoy": {
      "version": "1.0.0-alpha.5",
      "resolved": "https://registry.npmjs.org/@rbxts/gamejoy/-/gamejoy-1.0.0-alpha.5.tgz",
      "integrity": "sha512-KVu/zH6h+XDRhtndFcazMHWT2Tv/MA37SWO8rOx8wO1W6RVyxf08SjvZWYf6FW9r4o0Pa5vyTZEsBTt6LeiSNA==",
      "dependencies": {
        "@rbxts/bin": "^1.2.1",
        "@rbxts/rust-classes": "^0.11.0-beta.1",
        "@rbxts/services": "^1.2.0",
        "@rbxts/signal": "^1.0.3",
        "@rbxts/t": "^2.2.1"
      }
    },
    "node_modules/@rbxts/rust-classes": {
      "version": "0.11.0-beta.1",
      "resolved": "https://registry.npmjs.org/@rbxts/rust-classes/-/rust-classes-0.11.0-beta.1.tgz",
      "integrity": "sha512-lZiXBIohK3fg3ImqQ0P+lRNp9EKeSXK4kA3yVf5Tc5bwQVyS6/O5XvlUeh4s7wRYcure+fd8s0qISQ7DP5Gw0Q=="
    },
    "node_modules/@rbxts/services": {
      "version": "1.2.0",
      "resolved": "https://registry.npmjs.org/@rbxts/services/-/services-1.2.0.tgz",
      "integrity": "sha512-GEnAGgRz/oFEfBCjr+UChO7D49c/l+Wgr2OHMkURBKbVAqGg7hVQbEs9PUr+9BuVx/8OlsqZ/cvrUYbwAyd60A=="
    },
    "node_modules/@rbxts/signal": {
      "version": "1.0.3",
      "resolved": "https://registry.npmjs.org/@rbxts/signal/-/signal-1.0.3.tgz",
      "integrity": "sha512-faFH5kVkQotZ2YzJhQ7Z12T9YkfV1O6y0V0V/I/RknBVAmefuIM8pSWj2AIEecOR6jSCtg0yZS8gNYKwfoopNA==",
      "peerDependencies": {
        "@rbxts/types": "^1.0.194"
      }
    },
    "node_modules/@rbxts/t": {
      "version": "2.2.1",
      "resolved": "https://registry.npmjs.org/@rbxts/t/-/t-2.2.1.tgz",
      "integrity": "sha512-MoFLHRQdm1tpAviAVxgkQj/ktxtnGBund2HXQj5xRqgYUWuC3kYuLkctuxXiJHUd1o1JzfU/HvVHtZfpqp61tg=="
    },
    "node_modules/@rbxts/testez": {
      "version": "0.3.1-ts.7",
      "resolved": "https://registry.npmjs.org/@rbxts/testez/-/testez-0.3.1-ts.7.tgz",
      "integrity": "sha512-DkIlRFdMODHjJPEYJT/cPYv2ZQzSqAufF4XAsqrx7zFg8OVAkSHY5aGChGoPNrZo0PM4zz9bw46ZIVqLfcM05Q=="
    },
    "node_modules/@rbxts/types": {
      "version": "1.0.550",
      "resolved": "https://registry.npmjs.org/@rbxts/types/-/types-1.0.550.tgz",
      "integrity": "sha512-s/Lj9vrwCL3CqkRJFmdM0aSH+X3RG2O9nuNTJCIXIa92+zcBNlrjSXxxya8E2in14rj9PSBipOp1PCqWSB94wg=="
    }
  },
  "dependencies": {
    "@rbxts/bin": {
      "version": "1.2.1",
      "resolved": "https://registry.npmjs.org/@rbxts/bin/-/bin-1.2.1.tgz",
      "integrity": "sha512-XEMaQy/JbSmquqtKhd0qiEA0ysMg7DuWc4CzlPofgj7APaqJ6DZ9eVoEIrYMFQc9SRQciSH/2UY71DF0yVh8xQ=="
    },
    "@rbxts/compiler-types": {
      "version": "1.2.7-types.0",
      "resolved": "https://registry.npmjs.org/@rbxts/compiler-types/-/compiler-types-1.2.7-types.0.tgz",
      "integrity": "sha512-YBOO79OuCEMr7DmTJxWywhIAS//wgzUx0DM9WVR9iJGxNyM0s5QZCqoERRS2bggW1V34R5BeYdfFVLDkldk81g==",
      "dev": true
    },
    "@rbxts/gamejoy": {
      "version": "1.0.0-alpha.5",
      "resolved": "https://registry.npmjs.org/@rbxts/gamejoy/-/gamejoy-1.0.0-alpha.5.tgz",
      "integrity": "sha512-KVu/zH6h+XDRhtndFcazMHWT2Tv/MA37SWO8rOx8wO1W6RVyxf08SjvZWYf6FW9r4o0Pa5vyTZEsBTt6LeiSNA==",
      "requires": {
        "@rbxts/bin": "^1.2.1",
        "@rbxts/rust-classes": "^0.11.0-beta.1",
        "@rbxts/services": "^1.2.0",
        "@rbxts/signal": "^1.0.3",
        "@rbxts/t": "^2.2.1"
      }
    },
    "@rbxts/rust-classes": {
      "version": "0.11.0-beta.1",
      "resolved": "https://registry.npmjs.org/@rbxts/rust-classes/-/rust-classes-0.11.0-beta.1.tgz",
      "integrity": "sha512-lZiXBIohK3fg3ImqQ0P+lRNp9EKeSXK4kA3yVf5Tc5bwQVyS6/O5XvlUeh4s7wRYcure+fd8s0qISQ7DP5Gw0Q=="
    },
    "@rbxts/services": {
      "version": "1.2.0",
      "resolved": "https://registry.npmjs.org/@rbxts/services/-/services-1.2.0.tgz",
      "integrity": "sha512-GEnAGgRz/oFEfBCjr+UChO7D49c/l+Wgr2OHMkURBKbVAqGg7hVQbEs9PUr+9BuVx/8OlsqZ/cvrUYbwAyd60A=="
    },
    "@rbxts/signal": {
      "version": "1.0.3",
      "resolved": "https://registry.npmjs.org/@rbxts/signal/-/signal-1.0.3.tgz",
      "integrity": "sha512-faFH5kVkQotZ2YzJhQ7Z12T9YkfV1O6y0V0V/I/RknBVAmefuIM8pSWj2AIEecOR6jSCtg0yZS8gNYKwfoopNA==",
      "requires": {}
    },
    "@rbxts/t": {
      "version": "2.2.1",
      "resolved": "https://registry.npmjs.org/@rbxts/t/-/t-2.2.1.tgz",
      "integrity": "sha512-MoFLHRQdm1tpAviAVxgkQj/ktxtnGBund2HXQj5xRqgYUWuC3kYuLkctuxXiJHUd1o1JzfU/HvVHtZfpqp61tg=="
    },
    "@rbxts/testez": {
      "version": "0.3.1-ts.7",
      "resolved": "https://registry.npmjs.org/@rbxts/testez/-/testez-0.3.1-ts.7.tgz",
      "integrity": "sha512-DkIlRFdMODHjJPEYJT/cPYv2ZQzSqAufF4XAsqrx7zFg8OVAkSHY5aGChGoPNrZo0PM4zz9bw46ZIVqLfcM05Q=="
    },
    "@rbxts/types": {
      "version": "1.0.550",
      "resolved": "https://registry.npmjs.org/@rbxts/types/-/types-1.0.550.tgz",
      "integrity": "sha512-s/Lj9vrwCL3CqkRJFmdM0aSH+X3RG2O9nuNTJCIXIa92+zcBNlrjSXxxya8E2in14rj9PSBipOp1PCqWSB94wg=="
    }
  }
}
