{
  "name": "tests",
  "version": "1.0.0",
  "lockfileVersion": 2,
  "requires": true,
  "packages": {
    "": {
      "name": "tests",
      "version": "1.0.0",
      "license": "ISC",
      "dependencies": {
        "@rbxts/services": "^1.2.0",
        "@rbxts/testez": "^0.3.1-ts.7"
      },
      "devDependencies": {
        "@rbxts/compiler-types": "^1.2.7-types.0",
        "@rbxts/types": "^1.0.550"
      }
    },
    "node_modules/@rbxts/compiler-types": {
      "version": "1.2.7-types.0",
      "resolved": "https://registry.npmjs.org/@rbxts/compiler-types/-/compiler-types-1.2.7-types.0.tgz",
      "integrity": "sha512-YBOO79OuCEMr7DmTJxWywhIAS//wgzUx0DM9WVR9iJGxNyM0s5QZCqoERRS2bggW1V34R5BeYdfFVLDkldk81g==",
      "dev": true
    },
    "node_modules/@rbxts/services": {
      "version": "1.2.0",
      "resolved": "https://registry.npmjs.org/@rbxts/services/-/services-1.2.0.tgz",
      "integrity": "sha512-GEnAGgRz/oFEfBCjr+UChO7D49c/l+Wgr2OHMkURBKbVAqGg7hVQbEs9PUr+9BuVx/8OlsqZ/cvrUYbwAyd60A=="
    },
    "node_modules/@rbxts/testez": {
      "version": "0.3.1-ts.7",
      "resolved": "https://registry.npmjs.org/@rbxts/testez/-/testez-0.3.1-ts.7.tgz",
      "integrity": "sha512-DkIlRFdMODHjJPEYJT/cPYv2ZQzSqAufF4XAsqrx7zFg8OVAkSHY5aGChGoPNrZo0PM4zz9bw46ZIVqLfcM05Q=="
    },
    "node_modules/@rbxts/types": {
      "version": "1.0.550",
      "resolved": "https://registry.npmjs.org/@rbxts/types/-/types-1.0.550.tgz",
      "integrity": "sha512-s/Lj9vrwCL3CqkRJFmdM0aSH+X3RG2O9nuNTJCIXIa92+zcBNlrjSXxxya8E2in14rj9PSBipOp1PCqWSB94wg==",
      "dev": true
    }
  },
  "dependencies": {
    "@rbxts/compiler-types": {
      "version": "1.2.7-types.0",
      "resolved": "https://registry.npmjs.org/@rbxts/compiler-types/-/compiler-types-1.2.7-types.0.tgz",
      "integrity": "sha512-YBOO79OuCEMr7DmTJxWywhIAS//wgzUx0DM9WVR9iJGxNyM0s5QZCqoERRS2bggW1V34R5BeYdfFVLDkldk81g==",
      "dev": true
    },
    "@rbxts/services": {
      "version": "1.2.0",
      "resolved": "https://registry.npmjs.org/@rbxts/services/-/services-1.2.0.tgz",
      "integrity": "sha512-GEnAGgRz/oFEfBCjr+UChO7D49c/l+Wgr2OHMkURBKbVAqGg7hVQbEs9PUr+9BuVx/8OlsqZ/cvrUYbwAyd60A=="
    },
    "@rbxts/testez": {
      "version": "0.3.1-ts.7",
      "resolved": "https://registry.npmjs.org/@rbxts/testez/-/testez-0.3.1-ts.7.tgz",
      "integrity": "sha512-DkIlRFdMODHjJPEYJT/cPYv2ZQzSqAufF4XAsqrx7zFg8OVAkSHY5aGChGoPNrZo0PM4zz9bw46ZIVqLfcM05Q=="
    },
    "@rbxts/types": {
      "version": "1.0.550",
      "resolved": "https://registry.npmjs.org/@rbxts/types/-/types-1.0.550.tgz",
      "integrity": "sha512-s/Lj9vrwCL3CqkRJFmdM0aSH+X3RG2O9nuNTJCIXIa92+zcBNlrjSXxxya8E2in14rj9PSBipOp1PCqWSB94wg==",
      "dev": true
    }
  }
}
